{
  "nodes": {
    "flake-utils": {
      "inputs": {
        "systems": "systems"
      },
      "locked": {
        "lastModified": 1731533236,
        "narHash": "sha256-l0KFg5HjrsfsO/JpG+r7fRrqm12kzFHyUHqHCVpMMbI=",
        "owner": "numtide",
        "repo": "flake-utils",
        "rev": "11707dc2f618dd54ca8739b309ec4fc024de578b",
        "type": "github"
      },
      "original": {
        "owner": "numtide",
        "repo": "flake-utils",
        "type": "github"
      }
    },
    "my-nixpkgs": {
      "inputs": {
        "flake-utils": "flake-utils",
        "nixpkgs-master": "nixpkgs-master",
        "nixpkgs-unstable": "nixpkgs-unstable"
      },
      "locked": {
        "lastModified": 1755712574,
        "narHash": "sha256-G3B5tajwAGMeIP1/aEUgFVfpc/jKYbcibzr9GJC1Wz0=",
        "ref": "refs/heads/main",
        "rev": "046295421d44b9d19e30d92b59020d112b2dc379",
        "revCount": 2,
        "type": "git",
        "url": "ssh://gitea@tea.notadev.net:3243/emmabastas/my-nixpkgs.git"
      },
      "original": {
        "type": "git",
        "url": "ssh://gitea@tea.notadev.net:3243/emmabastas/my-nixpkgs.git"
      }
    },
    "nixpkgs-master": {
      "locked": {
        "lastModified": 1755684980,
        "narHash": "sha256-PdWvn30jHwPCGfcTV2Uu22yo4hpGsoWMDHjpAjVeqx4=",
        "owner": "nixos",
        "repo": "nixpkgs",
        "rev": "263c40ffdf668f4e7d7d3fc4d3318af7fee1d6f9",
        "type": "github"
      },
      "original": {
        "owner": "nixos",
        "ref": "master",
        "repo": "nixpkgs",
        "type": "github"
      }
    },
    "nixpkgs-unstable": {
      "locked": {
        "lastModified": 1755615617,
        "narHash": "sha256-HMwfAJBdrr8wXAkbGhtcby1zGFvs+StOp19xNsbqdOg=",
        "owner": "nixos",
        "repo": "nixpkgs",
        "rev": "20075955deac2583bb12f07151c2df830ef346b4",
        "type": "github"
      },
      "original": {
        "owner": "nixos",
        "ref": "nixos-unstable",
        "repo": "nixpkgs",
        "type": "github"
      }
    },
    "root": {
      "inputs": {
        "flake-utils": [
          "my-nixpkgs",
          "flake-utils"
        ],
        "my-nixpkgs": "my-nixpkgs",
        "nixpkgs": [
          "my-nixpkgs",
          "nixpkgs-unstable"
        ]
      }
    },
    "systems": {
      "locked": {
        "lastModified": 1681028828,
        "narHash": "sha256-Vy1rq5AaRuLzOxct8nz4T6wlgyUR7zLU309k9mBC768=",
        "owner": "nix-systems",
        "repo": "default",
        "rev": "da67096a3b9bf56a91d16901293e51ba5b49a27e",
        "type": "github"
      },
      "original": {
        "owner": "nix-systems",
        "repo": "default",
        "type": "github"
      }
    }
  },
  "root": "root",
  "version": 7
}
